{
  "framework": {
    "digest": "4a1e4036ba3001ffe23092e2e7c01cbaad42b558b698e4d591e93fa7efe63d0c",
    "source_commit": "a0d0952b09b09d4ba3288b3e0061e6e885e292fd",
    "source_kind": "commit",
    "source_revision": "a0d0952b09b09d4ba3288b3e0061e6e885e292fd",
    "version": "1.4.0"
  },
  "framework_inputs": {
    "framework/core/AGENTS.md": "d069973d2b449469322de318e66ff801260e9661c80da81cd51302a8feba1e04",
    "framework/core/agent-harness.md": "6580ca31feddd3f5a98add00c31c519e86c240c4ed302c72ce95e29e9d4115b9",
    "framework/profiles/openai-agent-guidance/AGENTS.md": "5e9f136ca444e3e568f56c3cd26263b5355462bb6f8bef19996242f7d45ae526",
    "framework/profiles/openai-agent-guidance/agent-harness.md": "39cff04f21f56b48aa7987e43d2a673969937271bcb99e21fe2ab77ceadc3961",
    "framework/profiles/public-repository/AGENTS.md": "b07ac20c9e1611c7e98c5978ec385ca0560363c4b3f55f0a84399791aee7c917",
    "framework/profiles/public-repository/agent-harness.md": "4704a09b288b0afb5527c983f52b9ee28b4077c1876fb02c38b43b588b88afd9",
    "framework/profiles/vcs-jj/AGENTS.md": "c64d67dc02ee495c547171572e205c605499ca65edaff94f8860dbcbf08740cc",
    "framework/profiles/vcs-jj/agent-harness.md": "f132dfad51892450ae93c18e468aea60a7a0b7ace36df325975ac976ae0a1cf3",
    "framework/standalone/check.py": "6daa5d6f88f6085862e285b5419b8093e62150ee81d0cb957125e3a3c1b43867",
    "src/ai_first/__init__.py": "0cf93333a653de3923845d480c55abad027e94aac5f459101fb4fcea5b50476c",
    "src/ai_first/__main__.py": "935a1c1166b0c1ea35a82256345000bf2c73ded718d77773bc27a71ecce28f7d",
    "src/ai_first/cli.py": "432cd5b48ddf64a23fcb567db84b509948b6d9049deb90002f34535ed6586f82",
    "src/ai_first/config.py": "429dd098fa823c64c0dc8cba48378efa8e6f1a7788fd3bdc34cf0e6da82f99aa",
    "src/ai_first/publication.py": "af2beb3e18671267cb8fb1908239f4073abe8bb86121b01a19f96005b5cc24b6",
    "src/ai_first/render.py": "05f55dae0f701cce5e0e74b625e95c8888981db1155b27985a14184f40e69f4b"
  },
  "outputs": {
    ".ai-first/check.py": "6daa5d6f88f6085862e285b5419b8093e62150ee81d0cb957125e3a3c1b43867",
    "AGENTS.md": "b0bb4c0f591e7cfe5e49e24d11aed352e9cbe92c3544a53f8ac82f4b847e9c0e",
    "docs/agent-harness.md": "e449e7a2224d7e2fba72a8c50c36e3de236e2bb0d3c4caa41ecba15826ca593b"
  },
  "profiles": [
    "vcs-jj",
    "public-repository",
    "openai-agent-guidance"
  ],
  "repository_inputs": {
    ".ai-first.toml": "e6f236e09be7f8a38799dee707af3d151deefdc0405e8202203da191c1f2de45",
    ".ai-first/overlays/agents-first-read.md": "df3d577613a124442d5a3dfda99394ea71303a45255a5fbe98dd04f4af5f4ed6",
    ".ai-first/overlays/agents-project.md": "9bfe90338ef560a32f7681d0c306a3d2ed039c8a5461aeb16d4ba75437c3485a",
    ".ai-first/overlays/harness-project.md": "c7f05fcf53a2a2063947b54e1b92478d3c35b6c9a1b238ee9421b9c893a25874"
  },
  "schema_version": 1
}
